
Microsoft Visual Studio Solution File, Format Version 12.00
# Visual Studio Version 17
VisualStudioVersion = 17.8.34330.188
MinimumVisualStudioVersion = 10.0.40219.1
Project("{FAE04EC0-301F-11D3-BF4B-00C04F79EFBC}") = "apCaminhosEmMarte", "apCaminhosEmMarte.csproj", "{192E6CE3-5075-4AD2-BD05-D4895A34D8DF}"
EndProject
Global
	GlobalSection(SolutionConfigurationPlatforms) = preSolution
		Debug|Any CPU = Debug|Any CPU
		Release|Any CPU = Release|Any CPU
	EndGlobalSection
	GlobalSection(ProjectConfigurationPlatforms) = postSolution
		{192E6CE3-5075-4AD2-BD05-D4895A34D8DF}.Debug|Any CPU.ActiveCfg = Debug|Any CPU
		{192E6CE3-5075-4AD2-BD05-D4895A34D8DF}.Debug|Any CPU.Build.0 = Debug|Any CPU
		{192E6CE3-5075-4AD2-BD05-D4895A34D8DF}.Release|Any CPU.ActiveCfg = Release|Any CPU
		{192E6CE3-5075-4AD2-BD05-D4895A34D8DF}.Release|Any CPU.Build.0 = Release|Any CPU
	EndGlobalSection
	GlobalSection(SolutionProperties) = preSolution
		HideSolutionNode = FALSE
	EndGlobalSection
	GlobalSection(ExtensibilityGlobals) = postSolution
		SolutionGuid = {D8F055F2-3E16-4AF6-9965-24F35D88EC56}
	EndGlobalSection
EndGlobal
